
Microsoft Visual Studio Solution File, Format Version 12.00
# Visual Studio 14
VisualStudioVersion = 14.0.25420.1
MinimumVisualStudioVersion = 10.0.40219.1
Project("{FAE04EC0-301F-11D3-BF4B-00C04F79EFBC}") = "EivindTemplate", "EivindTemplate\EivindTemplate.csproj", "{3436E9F5-EFD4-4FB0-BA2E-6A0ED4A09BAA}"
EndProject
Project("{FAE04EC0-301F-11D3-BF4B-00C04F79EFBC}") = "SomeWizard", "SomeWizard\SomeWizard.csproj", "{6373D645-5E6B-4369-B3AD-22DEBA4F2C6F}"
EndProject
Global
	GlobalSection(SolutionConfigurationPlatforms) = preSolution
		Debug|Any CPU = Debug|Any CPU
		Release|Any CPU = Release|Any CPU
	EndGlobalSection
	GlobalSection(ProjectConfigurationPlatforms) = postSolution
		{3436E9F5-EFD4-4FB0-BA2E-6A0ED4A09BAA}.Debug|Any CPU.ActiveCfg = Debug|Any CPU
		{3436E9F5-EFD4-4FB0-BA2E-6A0ED4A09BAA}.Debug|Any CPU.Build.0 = Debug|Any CPU
		{3436E9F5-EFD4-4FB0-BA2E-6A0ED4A09BAA}.Release|Any CPU.ActiveCfg = Release|Any CPU
		{3436E9F5-EFD4-4FB0-BA2E-6A0ED4A09BAA}.Release|Any CPU.Build.0 = Release|Any CPU
		{6373D645-5E6B-4369-B3AD-22DEBA4F2C6F}.Debug|Any CPU.ActiveCfg = Debug|Any CPU
		{6373D645-5E6B-4369-B3AD-22DEBA4F2C6F}.Debug|Any CPU.Build.0 = Debug|Any CPU
		{6373D645-5E6B-4369-B3AD-22DEBA4F2C6F}.Release|Any CPU.ActiveCfg = Release|Any CPU
		{6373D645-5E6B-4369-B3AD-22DEBA4F2C6F}.Release|Any CPU.Build.0 = Release|Any CPU
	EndGlobalSection
	GlobalSection(SolutionProperties) = preSolution
		HideSolutionNode = FALSE
	EndGlobalSection
EndGlobal
